
Microsoft Visual Studio Solution File, Format Version 12.00
# Visual Studio Version 16
VisualStudioVersion = 16.0.29324.140
MinimumVisualStudioVersion = 10.0.40219.1
Project("{FAE04EC0-301F-11D3-BF4B-00C04F79EFBC}") = "DatingApp", "DatingApp\DatingApp.csproj", "{A2EDB309-0F0B-4013-BC37-92DABF060B9F}"
EndProject
Project("{2150E333-8FDC-42A3-9474-1A3956D46DE8}") = "test", "test", "{31DDDC26-480A-4879-8F3C-D995E2C3837E}"
EndProject
Project("{2150E333-8FDC-42A3-9474-1A3956D46DE8}") = "src", "src", "{09852F50-4367-4C43-A424-C1A7AE89C015}"
EndProject
Project("{FAE04EC0-301F-11D3-BF4B-00C04F79EFBC}") = "DatingApp.Tests", "DatingApp.Tests\DatingApp.Tests.csproj", "{F62270FC-958F-4D05-9517-208F57FDE8A7}"
EndProject
Global
	GlobalSection(SolutionConfigurationPlatforms) = preSolution
		Debug|Any CPU = Debug|Any CPU
		Release|Any CPU = Release|Any CPU
	EndGlobalSection
	GlobalSection(ProjectConfigurationPlatforms) = postSolution
		{A2EDB309-0F0B-4013-BC37-92DABF060B9F}.Debug|Any CPU.ActiveCfg = Debug|Any CPU
		{A2EDB309-0F0B-4013-BC37-92DABF060B9F}.Debug|Any CPU.Build.0 = Debug|Any CPU
		{A2EDB309-0F0B-4013-BC37-92DABF060B9F}.Release|Any CPU.ActiveCfg = Release|Any CPU
		{A2EDB309-0F0B-4013-BC37-92DABF060B9F}.Release|Any CPU.Build.0 = Release|Any CPU
		{F62270FC-958F-4D05-9517-208F57FDE8A7}.Debug|Any CPU.ActiveCfg = Debug|Any CPU
		{F62270FC-958F-4D05-9517-208F57FDE8A7}.Debug|Any CPU.Build.0 = Debug|Any CPU
		{F62270FC-958F-4D05-9517-208F57FDE8A7}.Release|Any CPU.ActiveCfg = Release|Any CPU
		{F62270FC-958F-4D05-9517-208F57FDE8A7}.Release|Any CPU.Build.0 = Release|Any CPU
	EndGlobalSection
	GlobalSection(SolutionProperties) = preSolution
		HideSolutionNode = FALSE
	EndGlobalSection
	GlobalSection(NestedProjects) = preSolution
		{A2EDB309-0F0B-4013-BC37-92DABF060B9F} = {09852F50-4367-4C43-A424-C1A7AE89C015}
		{F62270FC-958F-4D05-9517-208F57FDE8A7} = {31DDDC26-480A-4879-8F3C-D995E2C3837E}
	EndGlobalSection
	GlobalSection(ExtensibilityGlobals) = postSolution
		SolutionGuid = {BA27201E-1692-4DDD-9EC2-7656DC2A1BAE}
	EndGlobalSection
EndGlobal
